
Microsoft Visual Studio Solution File, Format Version 12.00
# Visual Studio Version 17
VisualStudioVersion = 17.2.32616.157
MinimumVisualStudioVersion = 10.0.40219.1
Project("{9A19103F-16F7-4668-BE54-9A1E7A4F7556}") = "Habits.Domain", "source\modules\Habits\Habits.Domain\Habits.Domain.csproj", "{05AFDE6F-9482-45CE-B19B-94BFA3451B10}"
EndProject
Project("{2150E333-8FDC-42A3-9474-1A3956D46DE8}") = "source", "source", "{113317C7-E73C-4940-93CC-56DA966EBA97}"
EndProject
Project("{9A19103F-16F7-4668-BE54-9A1E7A4F7556}") = "BitHabit.API", "source\api\BitHabit.API\BitHabit.API.csproj", "{A934E23E-0E62-4FE0-A1A1-2E0F04E7743E}"
EndProject
Project("{9A19103F-16F7-4668-BE54-9A1E7A4F7556}") = "Habits.Application", "source\modules\Habits\Habits.Application\Habits.Application.csproj", "{B3461F32-381F-46EA-B7E8-8FFFA2DA09F8}"
EndProject
Project("{9A19103F-16F7-4668-BE54-9A1E7A4F7556}") = "Habits.Infrastructure", "source\modules\Habits\Habits.Infrastructure\Habits.Infrastructure.csproj", "{41FF5C95-CBD9-4684-9E75-25E871E0D239}"
EndProject
Project("{9A19103F-16F7-4668-BE54-9A1E7A4F7556}") = "Shared.Abstractions", "source\shared\Shared.Abstractions\Shared.Abstractions.csproj", "{31CA3052-83F7-4FD6-895E-2B137FEE83DE}"
EndProject
Project("{2150E333-8FDC-42A3-9474-1A3956D46DE8}") = "modules", "modules", "{2242256C-2802-455F-93FF-945089217905}"
EndProject
Project("{2150E333-8FDC-42A3-9474-1A3956D46DE8}") = "api", "api", "{A0D31A79-2F2A-40F5-BEC4-EDCFB3E54E01}"
EndProject
Project("{2150E333-8FDC-42A3-9474-1A3956D46DE8}") = "Habits", "Habits", "{833539C0-8663-4BDE-8EC1-9EE6E83143EA}"
EndProject
Project("{2150E333-8FDC-42A3-9474-1A3956D46DE8}") = "shared", "shared", "{723B97F8-6E3F-4273-B926-7F9CD9811FD8}"
EndProject
Project("{2150E333-8FDC-42A3-9474-1A3956D46DE8}") = "tests", "tests", "{7B9287DF-01CB-459A-9A7B-8F37E0B61312}"
EndProject
Project("{9A19103F-16F7-4668-BE54-9A1E7A4F7556}") = "Habits.API", "source\modules\Habits\Habits.API\Habits.API.csproj", "{83B7C155-648D-437B-A20C-01B5D3B003BE}"
EndProject
Project("{9A19103F-16F7-4668-BE54-9A1E7A4F7556}") = "Shared.Infrastructure", "source\shared\Shared.Infrastructure\Shared.Infrastructure.csproj", "{26310836-8B99-457E-848C-93E3E5A69DE9}"
EndProject
Project("{2150E333-8FDC-42A3-9474-1A3956D46DE8}") = "modules", "modules", "{9E20EFC6-D3CF-41B5-812B-2EEBB1E26EAA}"
EndProject
Project("{9A19103F-16F7-4668-BE54-9A1E7A4F7556}") = "Habits.Tests.Unit", "tests\modules\Habits.Tests.Unit\Habits.Tests.Unit.csproj", "{268C483C-E442-43D6-94E8-A576BA17F079}"
EndProject
Project("{9A19103F-16F7-4668-BE54-9A1E7A4F7556}") = "Habits.Tests.Integration", "tests\modules\Habits.Tests.Integration\Habits.Tests.Integration.csproj", "{FAF16617-2429-492A-A944-DAABD7DDE51C}"
EndProject
Project("{2150E333-8FDC-42A3-9474-1A3956D46DE8}") = "shared", "shared", "{1A8B6D47-39C8-47D0-BD87-901A4F7DB43C}"
EndProject
Project("{9A19103F-16F7-4668-BE54-9A1E7A4F7556}") = "BitHabit.Shared.Tests", "tests\shared\BitHabit.Shared.Tests\BitHabit.Shared.Tests.csproj", "{B58571E1-441D-4B9B-90A5-0137732D4137}"
EndProject
Global
	GlobalSection(SolutionConfigurationPlatforms) = preSolution
		Debug|Any CPU = Debug|Any CPU
		Release|Any CPU = Release|Any CPU
	EndGlobalSection
	GlobalSection(ProjectConfigurationPlatforms) = postSolution
		{05AFDE6F-9482-45CE-B19B-94BFA3451B10}.Debug|Any CPU.ActiveCfg = Debug|Any CPU
		{05AFDE6F-9482-45CE-B19B-94BFA3451B10}.Debug|Any CPU.Build.0 = Debug|Any CPU
		{05AFDE6F-9482-45CE-B19B-94BFA3451B10}.Release|Any CPU.ActiveCfg = Release|Any CPU
		{05AFDE6F-9482-45CE-B19B-94BFA3451B10}.Release|Any CPU.Build.0 = Release|Any CPU
		{A934E23E-0E62-4FE0-A1A1-2E0F04E7743E}.Debug|Any CPU.ActiveCfg = Debug|Any CPU
		{A934E23E-0E62-4FE0-A1A1-2E0F04E7743E}.Debug|Any CPU.Build.0 = Debug|Any CPU
		{A934E23E-0E62-4FE0-A1A1-2E0F04E7743E}.Release|Any CPU.ActiveCfg = Release|Any CPU
		{A934E23E-0E62-4FE0-A1A1-2E0F04E7743E}.Release|Any CPU.Build.0 = Release|Any CPU
		{B3461F32-381F-46EA-B7E8-8FFFA2DA09F8}.Debug|Any CPU.ActiveCfg = Debug|Any CPU
		{B3461F32-381F-46EA-B7E8-8FFFA2DA09F8}.Debug|Any CPU.Build.0 = Debug|Any CPU
		{B3461F32-381F-46EA-B7E8-8FFFA2DA09F8}.Release|Any CPU.ActiveCfg = Release|Any CPU
		{B3461F32-381F-46EA-B7E8-8FFFA2DA09F8}.Release|Any CPU.Build.0 = Release|Any CPU
		{41FF5C95-CBD9-4684-9E75-25E871E0D239}.Debug|Any CPU.ActiveCfg = Debug|Any CPU
		{41FF5C95-CBD9-4684-9E75-25E871E0D239}.Debug|Any CPU.Build.0 = Debug|Any CPU
		{41FF5C95-CBD9-4684-9E75-25E871E0D239}.Release|Any CPU.ActiveCfg = Release|Any CPU
		{41FF5C95-CBD9-4684-9E75-25E871E0D239}.Release|Any CPU.Build.0 = Release|Any CPU
		{31CA3052-83F7-4FD6-895E-2B137FEE83DE}.Debug|Any CPU.ActiveCfg = Debug|Any CPU
		{31CA3052-83F7-4FD6-895E-2B137FEE83DE}.Debug|Any CPU.Build.0 = Debug|Any CPU
		{31CA3052-83F7-4FD6-895E-2B137FEE83DE}.Release|Any CPU.ActiveCfg = Release|Any CPU
		{31CA3052-83F7-4FD6-895E-2B137FEE83DE}.Release|Any CPU.Build.0 = Release|Any CPU
		{83B7C155-648D-437B-A20C-01B5D3B003BE}.Debug|Any CPU.ActiveCfg = Debug|Any CPU
		{83B7C155-648D-437B-A20C-01B5D3B003BE}.Debug|Any CPU.Build.0 = Debug|Any CPU
		{83B7C155-648D-437B-A20C-01B5D3B003BE}.Release|Any CPU.ActiveCfg = Release|Any CPU
		{83B7C155-648D-437B-A20C-01B5D3B003BE}.Release|Any CPU.Build.0 = Release|Any CPU
		{26310836-8B99-457E-848C-93E3E5A69DE9}.Debug|Any CPU.ActiveCfg = Debug|Any CPU
		{26310836-8B99-457E-848C-93E3E5A69DE9}.Debug|Any CPU.Build.0 = Debug|Any CPU
		{26310836-8B99-457E-848C-93E3E5A69DE9}.Release|Any CPU.ActiveCfg = Release|Any CPU
		{26310836-8B99-457E-848C-93E3E5A69DE9}.Release|Any CPU.Build.0 = Release|Any CPU
		{268C483C-E442-43D6-94E8-A576BA17F079}.Debug|Any CPU.ActiveCfg = Debug|Any CPU
		{268C483C-E442-43D6-94E8-A576BA17F079}.Debug|Any CPU.Build.0 = Debug|Any CPU
		{268C483C-E442-43D6-94E8-A576BA17F079}.Release|Any CPU.ActiveCfg = Release|Any CPU
		{268C483C-E442-43D6-94E8-A576BA17F079}.Release|Any CPU.Build.0 = Release|Any CPU
		{FAF16617-2429-492A-A944-DAABD7DDE51C}.Debug|Any CPU.ActiveCfg = Debug|Any CPU
		{FAF16617-2429-492A-A944-DAABD7DDE51C}.Debug|Any CPU.Build.0 = Debug|Any CPU
		{FAF16617-2429-492A-A944-DAABD7DDE51C}.Release|Any CPU.ActiveCfg = Release|Any CPU
		{FAF16617-2429-492A-A944-DAABD7DDE51C}.Release|Any CPU.Build.0 = Release|Any CPU
		{B58571E1-441D-4B9B-90A5-0137732D4137}.Debug|Any CPU.ActiveCfg = Debug|Any CPU
		{B58571E1-441D-4B9B-90A5-0137732D4137}.Debug|Any CPU.Build.0 = Debug|Any CPU
		{B58571E1-441D-4B9B-90A5-0137732D4137}.Release|Any CPU.ActiveCfg = Release|Any CPU
		{B58571E1-441D-4B9B-90A5-0137732D4137}.Release|Any CPU.Build.0 = Release|Any CPU
	EndGlobalSection
	GlobalSection(SolutionProperties) = preSolution
		HideSolutionNode = FALSE
	EndGlobalSection
	GlobalSection(NestedProjects) = preSolution
		{05AFDE6F-9482-45CE-B19B-94BFA3451B10} = {833539C0-8663-4BDE-8EC1-9EE6E83143EA}
		{A934E23E-0E62-4FE0-A1A1-2E0F04E7743E} = {A0D31A79-2F2A-40F5-BEC4-EDCFB3E54E01}
		{B3461F32-381F-46EA-B7E8-8FFFA2DA09F8} = {833539C0-8663-4BDE-8EC1-9EE6E83143EA}
		{41FF5C95-CBD9-4684-9E75-25E871E0D239} = {833539C0-8663-4BDE-8EC1-9EE6E83143EA}
		{31CA3052-83F7-4FD6-895E-2B137FEE83DE} = {723B97F8-6E3F-4273-B926-7F9CD9811FD8}
		{2242256C-2802-455F-93FF-945089217905} = {113317C7-E73C-4940-93CC-56DA966EBA97}
		{A0D31A79-2F2A-40F5-BEC4-EDCFB3E54E01} = {113317C7-E73C-4940-93CC-56DA966EBA97}
		{833539C0-8663-4BDE-8EC1-9EE6E83143EA} = {2242256C-2802-455F-93FF-945089217905}
		{723B97F8-6E3F-4273-B926-7F9CD9811FD8} = {113317C7-E73C-4940-93CC-56DA966EBA97}
		{83B7C155-648D-437B-A20C-01B5D3B003BE} = {833539C0-8663-4BDE-8EC1-9EE6E83143EA}
		{26310836-8B99-457E-848C-93E3E5A69DE9} = {723B97F8-6E3F-4273-B926-7F9CD9811FD8}
		{9E20EFC6-D3CF-41B5-812B-2EEBB1E26EAA} = {7B9287DF-01CB-459A-9A7B-8F37E0B61312}
		{268C483C-E442-43D6-94E8-A576BA17F079} = {9E20EFC6-D3CF-41B5-812B-2EEBB1E26EAA}
		{FAF16617-2429-492A-A944-DAABD7DDE51C} = {9E20EFC6-D3CF-41B5-812B-2EEBB1E26EAA}
		{1A8B6D47-39C8-47D0-BD87-901A4F7DB43C} = {7B9287DF-01CB-459A-9A7B-8F37E0B61312}
		{B58571E1-441D-4B9B-90A5-0137732D4137} = {1A8B6D47-39C8-47D0-BD87-901A4F7DB43C}
	EndGlobalSection
	GlobalSection(ExtensibilityGlobals) = postSolution
		SolutionGuid = {973944EA-D3FB-48DC-8EB8-E8284E20E3A4}
	EndGlobalSection
EndGlobal
